{
    "_meta": {
        "hash": {
            "sha256": "f035ad41c6bc100788bbcdb976da4ced37dde7ce57d0ed4f74cb8a0c2ffcc7ed"
        },
        "pipfile-spec": 6,
        "requires": {
            "python_version": "2.7"
        },
        "sources": [
            {
                "name": "pypi",
                "url": "https://pypi.org/simple",
                "verify_ssl": true
            }
        ]
    },
    "default": {
        "mutagen": {
            "hashes": [
                "sha256:b2a2c2ce87863af12ed7896f341419cd051a3c72c3c6733db9e83060dcadee5e"
            ],
            "index": "pypi",
            "version": "==1.40.0"
        }
    },
    "develop": {}
}
